
Microsoft Visual Studio Solution File, Format Version 12.00
# Visual Studio Version 17
VisualStudioVersion = 17.9.34728.123
MinimumVisualStudioVersion = 10.0.40219.1
Project("{FAE04EC0-301F-11D3-BF4B-00C04F79EFBC}") = "FirstProject", "FirstProject\FirstProject.csproj", "{E8DD3834-6F08-49EE-882C-E2B5DE0BF248}"
EndProject
Global
	GlobalSection(SolutionConfigurationPlatforms) = preSolution
		Debug|Any CPU = Debug|Any CPU
		Release|Any CPU = Release|Any CPU
	EndGlobalSection
	GlobalSection(ProjectConfigurationPlatforms) = postSolution
		{E8DD3834-6F08-49EE-882C-E2B5DE0BF248}.Debug|Any CPU.ActiveCfg = Debug|Any CPU
		{E8DD3834-6F08-49EE-882C-E2B5DE0BF248}.Debug|Any CPU.Build.0 = Debug|Any CPU
		{E8DD3834-6F08-49EE-882C-E2B5DE0BF248}.Release|Any CPU.ActiveCfg = Release|Any CPU
		{E8DD3834-6F08-49EE-882C-E2B5DE0BF248}.Release|Any CPU.Build.0 = Release|Any CPU
	EndGlobalSection
	GlobalSection(SolutionProperties) = preSolution
		HideSolutionNode = FALSE
	EndGlobalSection
	GlobalSection(ExtensibilityGlobals) = postSolution
		SolutionGuid = {48E123F4-7342-411A-9E99-E5775238857F}
	EndGlobalSection
EndGlobal
